// !$*UTF8*$!
{
	archiveVersion = 1;
	classes = {
	};
	objectVersion = 46;
	objects = {

/* Begin PBXBuildFile section */
		75ECB9701553625300A6E3D7 /* UIKit.framework in Frameworks */ = {isa = PBXBuildFile; fileRef = 75ECB96F1553625300A6E3D7 /* UIKit.framework */; };
		75ECB9721553625300A6E3D7 /* Foundation.framework in Frameworks */ = {isa = PBXBuildFile; fileRef = 75ECB9711553625300A6E3D7 /* Foundation.framework */; };
		75ECB9741553625300A6E3D7 /* CoreGraphics.framework in Frameworks */ = {isa = PBXBuildFile; fileRef = 75ECB9731553625300A6E3D7 /* CoreGraphics.framework */; };
		75ECB97A1553625300A6E3D7 /* InfoPlist.strings in Resources */ = {isa = PBXBuildFile; fileRef = 75ECB9781553625300A6E3D7 /* InfoPlist.strings */; };
		75ECB97C1553625300A6E3D7 /* main.m in Sources */ = {isa = PBXBuildFile; fileRef = 75ECB97B1553625300A6E3D7 /* main.m */; };
		75ECB9801553625300A6E3D7 /* AppDelegate.m in Sources */ = {isa = PBXBuildFile; fileRef = 75ECB97F1553625300A6E3D7 /* AppDelegate.m */; };
		75ECB9881553625300A6E3D7 /* SenTestingKit.framework in Frameworks */ = {isa = PBXBuildFile; fileRef = 75ECB9871553625300A6E3D7 /* SenTestingKit.framework */; };
		75ECB9891553625300A6E3D7 /* UIKit.framework in Frameworks */ = {isa = PBXBuildFile; fileRef = 75ECB96F1553625300A6E3D7 /* UIKit.framework */; };
		75ECB98A1553625300A6E3D7 /* Foundation.framework in Frameworks */ = {isa = PBXBuildFile; fileRef = 75ECB9711553625300A6E3D7 /* Foundation.framework */; };
		75ECB9921553625300A6E3D7 /* InfoPlist.strings in Resources */ = {isa = PBXBuildFile; fileRef = 75ECB9901553625300A6E3D7 /* InfoPlist.strings */; };
		75ECB9951553625300A6E3D7 /* testAppTests.m in Sources */ = {isa = PBXBuildFile; fileRef = 75ECB9941553625300A6E3D7 /* testAppTests.m */; };
/* End PBXBuildFile section */

/* Begin PBXContainerItemProxy section */
		75ECB98B1553625300A6E3D7 /* PBXContainerItemProxy */ = {
			isa = PBXContainerItemProxy;
			containerPortal = 75ECB9621553625300A6E3D7 /* Project object */;
			proxyType = 1;
			remoteGlobalIDString = 75ECB96A1553625300A6E3D7;
			remoteInfo = testApp;
		};
/* End PBXContainerItemProxy section */

/* Begin PBXFileReference section */
		75ECB96B1553625300A6E3D7 /* testApp.app */ = {isa = PBXFileReference; explicitFileType = wrapper.application; includeInIndex = 0; path = testApp.app; sourceTree = BUILT_PRODUCTS_DIR; };
		75ECB96F1553625300A6E3D7 /* UIKit.framework */ = {isa = PBXFileReference; lastKnownFileType = wrapper.framework; name = UIKit.framework; path = System/Library/Frameworks/UIKit.framework; sourceTree = SDKROOT; };
		75ECB9711553625300A6E3D7 /* Foundation.framework */ = {isa = PBXFileReference; lastKnownFileType = wrapper.framework; name = Foundation.framework; path = System/Library/Frameworks/Foundation.framework; sourceTree = SDKROOT; };
		75ECB9731553625300A6E3D7 /* CoreGraphics.framework */ = {isa = PBXFileReference; lastKnownFileType = wrapper.framework; name = CoreGraphics.framework; path = System/Library/Frameworks/CoreGraphics.framework; sourceTree = SDKROOT; };
		75ECB9771553625300A6E3D7 /* testApp-Info.plist */ = {isa = PBXFileReference; lastKnownFileType = text.plist.xml; path = "testApp-Info.plist"; sourceTree = "<group>"; };
		75ECB9791553625300A6E3D7 /* en */ = {isa = PBXFileReference; lastKnownFileType = text.plist.strings; name = en; path = en.lproj/InfoPlist.strings; sourceTree = "<group>"; };
		75ECB97B1553625300A6E3D7 /* main.m */ = {isa = PBXFileReference; lastKnownFileType = sourcecode.c.objc; path = main.m; sourceTree = "<group>"; };
		75ECB97D1553625300A6E3D7 /* testApp-Prefix.pch */ = {isa = PBXFileReference; lastKnownFileType = sourcecode.c.h; path = "testApp-Prefix.pch"; sourceTree = "<group>"; };
		75ECB97E1553625300A6E3D7 /* AppDelegate.h */ = {isa = PBXFileReference; lastKnownFileType = sourcecode.c.h; path = AppDelegate.h; sourceTree = "<group>"; };
		75ECB97F1553625300A6E3D7 /* AppDelegate.m */ = {isa = PBXFileReference; lastKnownFileType = sourcecode.c.objc; path = AppDelegate.m; sourceTree = "<group>"; };
		75ECB9861553625300A6E3D7 /* testAppTests.octest */ = {isa = PBXFileReference; explicitFileType = wrapper.cfbundle; includeInIndex = 0; path = testAppTests.octest; sourceTree = BUILT_PRODUCTS_DIR; };
		75ECB9871553625300A6E3D7 /* SenTestingKit.framework */ = {isa = PBXFileReference; lastKnownFileType = wrapper.framework; name = SenTestingKit.framework; path = Library/Frameworks/SenTestingKit.framework; sourceTree = DEVELOPER_DIR; };
		75ECB98F1553625300A6E3D7 /* testAppTests-Info.plist */ = {isa = PBXFileReference; lastKnownFileType = text.plist.xml; path = "testAppTests-Info.plist"; sourceTree = "<group>"; };
		75ECB9911553625300A6E3D7 /* en */ = {isa = PBXFileReference; lastKnownFileType = text.plist.strings; name = en; path = en.lproj/InfoPlist.strings; sourceTree = "<group>"; };
		75ECB9931553625300A6E3D7 /* testAppTests.h */ = {isa = PBXFileReference; lastKnownFileType = sourcecode.c.h; path = testAppTests.h; sourceTree = "<group>"; };
		75ECB9941553625300A6E3D7 /* testAppTests.m */ = {isa = PBXFileReference; lastKnownFileType = sourcecode.c.objc; path = testAppTests.m; sourceTree = "<group>"; };
/* End PBXFileReference section */

/* Begin PBXFrameworksBuildPhase section */
		75ECB9681553625300A6E3D7 /* Frameworks */ = {
			isa = PBXFrameworksBuildPhase;
			buildActionMask = 2147483647;
			files = (
				75ECB9701553625300A6E3D7 /* UIKit.framework in Frameworks */,
				75ECB9721553625300A6E3D7 /* Foundation.framework in Frameworks */,
				75ECB9741553625300A6E3D7 /* CoreGraphics.framework in Frameworks */,
			);
			runOnlyForDeploymentPostprocessing = 0;
		};
		75ECB9821553625300A6E3D7 /* Frameworks */ = {
			isa = PBXFrameworksBuildPhase;
			buildActionMask = 2147483647;
			files = (
				75ECB9881553625300A6E3D7 /* SenTestingKit.framework in Frameworks */,
				75ECB9891553625300A6E3D7 /* UIKit.framework in Frameworks */,
				75ECB98A1553625300A6E3D7 /* Foundation.framework in Frameworks */,
			);
			runOnlyForDeploymentPostprocessing = 0;
		};
/* End PBXFrameworksBuildPhase section */

/* Begin PBXGroup section */
		75ECB9601553625300A6E3D7 = {
			isa = PBXGroup;
			children = (
				75ECB9751553625300A6E3D7 /* testApp */,
				75ECB98D1553625300A6E3D7 /* testAppTests */,
				75ECB96E1553625300A6E3D7 /* Frameworks */,
				75ECB96C1553625300A6E3D7 /* Products */,
			);
			sourceTree = "<group>";
		};
		75ECB96C1553625300A6E3D7 /* Products */ = {
			isa = PBXGroup;
			children = (
				75ECB96B1553625300A6E3D7 /* testApp.app */,
				75ECB9861553625300A6E3D7 /* testAppTests.octest */,
			);
			name = Products;
			sourceTree = "<group>";
		};
		75ECB96E1553625300A6E3D7 /* Frameworks */ = {
			isa = PBXGroup;
			children = (
				75ECB96F1553625300A6E3D7 /* UIKit.framework */,
				75ECB9711553625300A6E3D7 /* Foundation.framework */,
				75ECB9731553625300A6E3D7 /* CoreGraphics.framework */,
				75ECB9871553625300A6E3D7 /* SenTestingKit.framework */,
			);
			name = Frameworks;
			sourceTree = "<group>";
		};
		75ECB9751553625300A6E3D7 /* testApp */ = {
			isa = PBXGroup;
			children = (
				75ECB97E1553625300A6E3D7 /* AppDelegate.h */,
				75ECB97F1553625300A6E3D7 /* AppDelegate.m */,
				75ECB9761553625300A6E3D7 /* Supporting Files */,
			);
			path = testApp;
			sourceTree = "<group>";
		};
		75ECB9761553625300A6E3D7 /* Supporting Files */ = {
			isa = PBXGroup;
			children = (
				75ECB9771553625300A6E3D7 /* testApp-Info.plist */,
				75ECB9781553625300A6E3D7 /* InfoPlist.strings */,
				75ECB97B1553625300A6E3D7 /* main.m */,
				75ECB97D1553625300A6E3D7 /* testApp-Prefix.pch */,
			);
			name = "Supporting Files";
			sourceTree = "<group>";
		};
		75ECB98D1553625300A6E3D7 /* testAppTests */ = {
			isa = PBXGroup;
			children = (
				75ECB9931553625300A6E3D7 /* testAppTests.h */,
				75ECB9941553625300A6E3D7 /* testAppTests.m */,
				75ECB98E1553625300A6E3D7 /* Supporting Files */,
			);
			path = testAppTests;
			sourceTree = "<group>";
		};
		75ECB98E1553625300A6E3D7 /* Supporting Files */ = {
			isa = PBXGroup;
			children = (
				75ECB98F1553625300A6E3D7 /* testAppTests-Info.plist */,
				75ECB9901553625300A6E3D7 /* InfoPlist.strings */,
			);
			name = "Supporting Files";
			sourceTree = "<group>";
		};
/* End PBXGroup section */

/* Begin PBXNativeTarget section */
		75ECB96A1553625300A6E3D7 /* testApp */ = {
			isa = PBXNativeTarget;
			buildConfigurationList = 75ECB9981553625300A6E3D7 /* Build configuration list for PBXNativeTarget "testApp" */;
			buildPhases = (
				75ECB9671553625300A6E3D7 /* Sources */,
				75ECB9681553625300A6E3D7 /* Frameworks */,
				75ECB9691553625300A6E3D7 /* Resources */,
			);
			buildRules = (
			);
			dependencies = (
			);
			name = testApp;
			productName = testApp;
			productReference = 75ECB96B1553625300A6E3D7 /* testApp.app */;
			productType = "com.apple.product-type.application";
		};
		75ECB9851553625300A6E3D7 /* testAppTests */ = {
			isa = PBXNativeTarget;
			buildConfigurationList = 75ECB99B1553625300A6E3D7 /* Build configuration list for PBXNativeTarget "testAppTests" */;
			buildPhases = (
				75ECB9811553625300A6E3D7 /* Sources */,
				75ECB9821553625300A6E3D7 /* Frameworks */,
				75ECB9831553625300A6E3D7 /* Resources */,
				75ECB9841553625300A6E3D7 /* ShellScript */,
			);
			buildRules = (
			);
			dependencies = (
				75ECB98C1553625300A6E3D7 /* PBXTargetDependency */,
			);
			name = testAppTests;
			productName = testAppTests;
			productReference = 75ECB9861553625300A6E3D7 /* testAppTests.octest */;
			productType = "com.apple.product-type.bundle";
		};
/* End PBXNativeTarget section */

/* Begin PBXProject section */
		75ECB9621553625300A6E3D7 /* Project object */ = {
			isa = PBXProject;
			attributes = {
				LastUpgradeCheck = 0430;
			};
			buildConfigurationList = 75ECB9651553625300A6E3D7 /* Build configuration list for PBXProject "testApp" */;
			compatibilityVersion = "Xcode 3.2";
			developmentRegion = English;
			hasScannedForEncodings = 0;
			knownRegions = (
				en,
			);
			mainGroup = 75ECB9601553625300A6E3D7;
			productRefGroup = 75ECB96C1553625300A6E3D7 /* Products */;
			projectDirPath = "";
			projectRoot = "";
			targets = (
				75ECB96A1553625300A6E3D7 /* testApp */,
				75ECB9851553625300A6E3D7 /* testAppTests */,
			);
		};
/* End PBXProject section */

/* Begin PBXResourcesBuildPhase section */
		75ECB9691553625300A6E3D7 /* Resources */ = {
			isa = PBXResourcesBuildPhase;
			buildActionMask = 2147483647;
			files = (
				75ECB97A1553625300A6E3D7 /* InfoPlist.strings in Resources */,
			);
			runOnlyForDeploymentPostprocessing = 0;
		};
		75ECB9831553625300A6E3D7 /* Resources */ = {
			isa = PBXResourcesBuildPhase;
			buildActionMask = 2147483647;
			files = (
				75ECB9921553625300A6E3D7 /* InfoPlist.strings in Resources */,
			);
			runOnlyForDeploymentPostprocessing = 0;
		};
/* End PBXResourcesBuildPhase section */

/* Begin PBXShellScriptBuildPhase section */
		75ECB9841553625300A6E3D7 /* ShellScript */ = {
			isa = PBXShellScriptBuildPhase;
			buildActionMask = 2147483647;
			files = (
			);
			inputPaths = (
			);
			outputPaths = (
			);
			runOnlyForDeploymentPostprocessing = 0;
			shellPath = /bin/sh;
			shellScript = "# Run the unit tests in this test bundle.\n\"${SYSTEM_DEVELOPER_DIR}/Tools/RunUnitTests\"\n";
		};
/* End PBXShellScriptBuildPhase section */

/* Begin PBXSourcesBuildPhase section */
		75ECB9671553625300A6E3D7 /* Sources */ = {
			isa = PBXSourcesBuildPhase;
			buildActionMask = 2147483647;
			files = (
				75ECB97C1553625300A6E3D7 /* main.m in Sources */,
				75ECB9801553625300A6E3D7 /* AppDelegate.m in Sources */,
			);
			runOnlyForDeploymentPostprocessing = 0;
		};
		75ECB9811553625300A6E3D7 /* Sources */ = {
			isa = PBXSourcesBuildPhase;
			buildActionMask = 2147483647;
			files = (
				75ECB9951553625300A6E3D7 /* testAppTests.m in Sources */,
			);
			runOnlyForDeploymentPostprocessing = 0;
		};
/* End PBXSourcesBuildPhase section */

/* Begin PBXTargetDependency section */
		75ECB98C1553625300A6E3D7 /* PBXTargetDependency */ = {
			isa = PBXTargetDependency;
			target = 75ECB96A1553625300A6E3D7 /* testApp */;
			targetProxy = 75ECB98B1553625300A6E3D7 /* PBXContainerItemProxy */;
		};
/* End PBXTargetDependency section */

/* Begin PBXVariantGroup section */
		75ECB9781553625300A6E3D7 /* InfoPlist.strings */ = {
			isa = PBXVariantGroup;
			children = (
				75ECB9791553625300A6E3D7 /* en */,
			);
			name = InfoPlist.strings;
			sourceTree = "<group>";
		};
		75ECB9901553625300A6E3D7 /* InfoPlist.strings */ = {
			isa = PBXVariantGroup;
			children = (
				75ECB9911553625300A6E3D7 /* en */,
			);
			name = InfoPlist.strings;
			sourceTree = "<group>";
		};
/* End PBXVariantGroup section */

/* Begin XCBuildConfiguration section */
		75ECB9961553625300A6E3D7 /* Debug */ = {
			isa = XCBuildConfiguration;
			buildSettings = {
				ALWAYS_SEARCH_USER_PATHS = NO;
				ARCHS = "$(ARCHS_STANDARD_32_BIT)";
				"CODE_SIGN_IDENTITY[sdk=iphoneos*]" = "iPhone Developer";
				COPY_PHASE_STRIP = NO;
				GCC_C_LANGUAGE_STANDARD = gnu99;
				GCC_DYNAMIC_NO_PIC = NO;
				GCC_OPTIMIZATION_LEVEL = 0;
				GCC_PREPROCESSOR_DEFINITIONS = (
					"DEBUG=1",
					"$(inherited)",
				);
				GCC_SYMBOLS_PRIVATE_EXTERN = NO;
				GCC_VERSION = com.apple.compilers.llvm.clang.1_0;
				GCC_WARN_ABOUT_RETURN_TYPE = YES;
				GCC_WARN_UNINITIALIZED_AUTOS = YES;
				GCC_WARN_UNUSED_VARIABLE = YES;
				IPHONEOS_DEPLOYMENT_TARGET = 5.1;
				SDKROOT = iphoneos;
				TARGETED_DEVICE_FAMILY = 2;
			};
			name = Debug;
		};
		75ECB9971553625300A6E3D7 /* Release */ = {
			isa = XCBuildConfiguration;
			buildSettings = {
				ALWAYS_SEARCH_USER_PATHS = NO;
				ARCHS = "$(ARCHS_STANDARD_32_BIT)";
				"CODE_SIGN_IDENTITY[sdk=iphoneos*]" = "iPhone Developer";
				COPY_PHASE_STRIP = YES;
				GCC_C_LANGUAGE_STANDARD = gnu99;
				GCC_VERSION = com.apple.compilers.llvm.clang.1_0;
				GCC_WARN_ABOUT_RETURN_TYPE = YES;
				GCC_WARN_UNINITIALIZED_AUTOS = YES;
				GCC_WARN_UNUSED_VARIABLE = YES;
				IPHONEOS_DEPLOYMENT_TARGET = 5.1;
				OTHER_CFLAGS = "-DNS_BLOCK_ASSERTIONS=1";
				SDKROOT = iphoneos;
				TARGETED_DEVICE_FAMILY = 2;
				VALIDATE_PRODUCT = YES;
			};
			name = Release;
		};
		75ECB9991553625300A6E3D7 /* Debug */ = {
			isa = XCBuildConfiguration;
			buildSettings = {
				GCC_PRECOMPILE_PREFIX_HEADER = YES;
				GCC_PREFIX_HEADER = "testApp/testApp-Prefix.pch";
				INFOPLIST_FILE = "testApp/testApp-Info.plist";
				PRODUCT_NAME = "$(TARGET_NAME)";
				WRAPPER_EXTENSION = app;
			};
			name = Debug;
		};
		75ECB99A1553625300A6E3D7 /* Release */ = {
			isa = XCBuildConfiguration;
			buildSettings = {
				GCC_PRECOMPILE_PREFIX_HEADER = YES;
				GCC_PREFIX_HEADER = "testApp/testApp-Prefix.pch";
				INFOPLIST_FILE = "testApp/testApp-Info.plist";
				PRODUCT_NAME = "$(TARGET_NAME)";
				WRAPPER_EXTENSION = app;
			};
			name = Release;
		};
		75ECB99C1553625300A6E3D7 /* Debug */ = {
			isa = XCBuildConfiguration;
			buildSettings = {
				BUNDLE_LOADER = "$(BUILT_PRODUCTS_DIR)/testApp.app/testApp";
				FRAMEWORK_SEARCH_PATHS = (
					"$(SDKROOT)/Developer/Library/Frameworks",
					"$(DEVELOPER_LIBRARY_DIR)/Frameworks",
				);
				GCC_PRECOMPILE_PREFIX_HEADER = YES;
				GCC_PREFIX_HEADER = "testApp/testApp-Prefix.pch";
				INFOPLIST_FILE = "testAppTests/testAppTests-Info.plist";
				PRODUCT_NAME = "$(TARGET_NAME)";
				TEST_HOST = "$(BUNDLE_LOADER)";
				WRAPPER_EXTENSION = octest;
			};
			name = Debug;
		};
		75ECB99D1553625300A6E3D7 /* Release */ = {
			isa = XCBuildConfiguration;
			buildSettings = {
				BUNDLE_LOADER = "$(BUILT_PRODUCTS_DIR)/testApp.app/testApp";
				FRAMEWORK_SEARCH_PATHS = (
					"$(SDKROOT)/Developer/Library/Frameworks",
					"$(DEVELOPER_LIBRARY_DIR)/Frameworks",
				);
				GCC_PRECOMPILE_PREFIX_HEADER = YES;
				GCC_PREFIX_HEADER = "testApp/testApp-Prefix.pch";
				INFOPLIST_FILE = "testAppTests/testAppTests-Info.plist";
				PRODUCT_NAME = "$(TARGET_NAME)";
				TEST_HOST = "$(BUNDLE_LOADER)";
				WRAPPER_EXTENSION = octest;
			};
			name = Release;
		};
/* End XCBuildConfiguration section */

/* Begin XCConfigurationList section */
		75ECB9651553625300A6E3D7 /* Build configuration list for PBXProject "testApp" */ = {
			isa = XCConfigurationList;
			buildConfigurations = (
				75ECB9961553625300A6E3D7 /* Debug */,
				75ECB9971553625300A6E3D7 /* Release */,
			);
			defaultConfigurationIsVisible = 0;
			defaultConfigurationName = Release;
		};
		75ECB9981553625300A6E3D7 /* Build configuration list for PBXNativeTarget "testApp" */ = {
			isa = XCConfigurationList;
			buildConfigurations = (
				75ECB9991553625300A6E3D7 /* Debug */,
				75ECB99A1553625300A6E3D7 /* Release */,
			);
			defaultConfigurationIsVisible = 0;
		};
		75ECB99B1553625300A6E3D7 /* Build configuration list for PBXNativeTarget "testAppTests" */ = {
			isa = XCConfigurationList;
			buildConfigurations = (
				75ECB99C1553625300A6E3D7 /* Debug */,
				75ECB99D1553625300A6E3D7 /* Release */,
			);
			defaultConfigurationIsVisible = 0;
		};
/* End XCConfigurationList section */
	};
	rootObject = 75ECB9621553625300A6E3D7 /* Project object */;
}
